
Microsoft Visual Studio Solution File, Format Version 12.00
# Visual Studio 15
VisualStudioVersion = 15.0.26730.10
MinimumVisualStudioVersion = 10.0.40219.1
Project("{FAE04EC0-301F-11D3-BF4B-00C04F79EFBC}") = "SAIS", "SAIS.csproj", "{DA126245-858B-4084-AB86-54FE1E10772E}"
EndProject
Project("{FAE04EC0-301F-11D3-BF4B-00C04F79EFBC}") = "suftest", "Examples\suftest.csproj", "{209433A3-1808-4AC2-BF41-9393D26ADD5A}"
	ProjectSection(ProjectDependencies) = postProject
		{DA126245-858B-4084-AB86-54FE1E10772E} = {DA126245-858B-4084-AB86-54FE1E10772E}
	EndProjectSection
EndProject
Project("{FAE04EC0-301F-11D3-BF4B-00C04F79EFBC}") = "bwt", "Examples\bwt.csproj", "{FBB0A306-7782-4B2A-BFE0-1433FCD1A113}"
	ProjectSection(ProjectDependencies) = postProject
		{DA126245-858B-4084-AB86-54FE1E10772E} = {DA126245-858B-4084-AB86-54FE1E10772E}
	EndProjectSection
EndProject
Project("{FAE04EC0-301F-11D3-BF4B-00C04F79EFBC}") = "unbwt", "Examples\unbwt.csproj", "{0B700C00-92E7-44F2-9614-65F9AE4FD06B}"
	ProjectSection(ProjectDependencies) = postProject
		{DA126245-858B-4084-AB86-54FE1E10772E} = {DA126245-858B-4084-AB86-54FE1E10772E}
	EndProjectSection
EndProject
Global
	GlobalSection(SolutionConfigurationPlatforms) = preSolution
		Debug|Any CPU = Debug|Any CPU
		Release|Any CPU = Release|Any CPU
	EndGlobalSection
	GlobalSection(ProjectConfigurationPlatforms) = postSolution
		{DA126245-858B-4084-AB86-54FE1E10772E}.Debug|Any CPU.ActiveCfg = Debug|Any CPU
		{DA126245-858B-4084-AB86-54FE1E10772E}.Debug|Any CPU.Build.0 = Debug|Any CPU
		{DA126245-858B-4084-AB86-54FE1E10772E}.Release|Any CPU.ActiveCfg = Release|Any CPU
		{DA126245-858B-4084-AB86-54FE1E10772E}.Release|Any CPU.Build.0 = Release|Any CPU
		{209433A3-1808-4AC2-BF41-9393D26ADD5A}.Debug|Any CPU.ActiveCfg = Debug|Any CPU
		{209433A3-1808-4AC2-BF41-9393D26ADD5A}.Debug|Any CPU.Build.0 = Debug|Any CPU
		{209433A3-1808-4AC2-BF41-9393D26ADD5A}.Release|Any CPU.ActiveCfg = Release|Any CPU
		{209433A3-1808-4AC2-BF41-9393D26ADD5A}.Release|Any CPU.Build.0 = Release|Any CPU
		{FBB0A306-7782-4B2A-BFE0-1433FCD1A113}.Debug|Any CPU.ActiveCfg = Debug|Any CPU
		{FBB0A306-7782-4B2A-BFE0-1433FCD1A113}.Debug|Any CPU.Build.0 = Debug|Any CPU
		{FBB0A306-7782-4B2A-BFE0-1433FCD1A113}.Release|Any CPU.ActiveCfg = Release|Any CPU
		{FBB0A306-7782-4B2A-BFE0-1433FCD1A113}.Release|Any CPU.Build.0 = Release|Any CPU
		{0B700C00-92E7-44F2-9614-65F9AE4FD06B}.Debug|Any CPU.ActiveCfg = Debug|Any CPU
		{0B700C00-92E7-44F2-9614-65F9AE4FD06B}.Debug|Any CPU.Build.0 = Debug|Any CPU
		{0B700C00-92E7-44F2-9614-65F9AE4FD06B}.Release|Any CPU.ActiveCfg = Release|Any CPU
		{0B700C00-92E7-44F2-9614-65F9AE4FD06B}.Release|Any CPU.Build.0 = Release|Any CPU
	EndGlobalSection
	GlobalSection(SolutionProperties) = preSolution
		HideSolutionNode = FALSE
	EndGlobalSection
	GlobalSection(ExtensibilityGlobals) = postSolution
		SolutionGuid = {93551443-BC3D-44FC-88E6-59297A45C758}
	EndGlobalSection
EndGlobal
